{
  "name": "@mrrisega/dsh-relay",
  "version": "0.2.1",
  "lockfileVersion": 3,
  "requires": true,
  "packages": {
    "": {
      "name": "@mrrisega/dsh-relay",
      "version": "0.2.1",
      "license": "PolyForm-Noncommercial-1.0.0",
      "workspaces": [
        "packages/*",
        "clients/*"
      ],
      "dependencies": {
        "ws": "^8.18.0"
      },
      "bin": {
        "dsh-relay": "dsh-setup.mjs"
      },
      "engines": {
        "node": ">=20"
      }
    },
    "clients/dsh-remote": {
      "name": "@dsh-relay/client",
      "version": "0.2.0",
      "license": "PolyForm-Noncommercial-1.0.0",
      "dependencies": {
        "ws": "^8.18.0"
      }
    },
    "node_modules/@dsh-relay/client": {
      "resolved": "clients/dsh-remote",
      "link": true
    },
    "node_modules/@dsh-relay/router": {
      "resolved": "packages/relay-router",
      "link": true
    },
    "node_modules/dsh-remote-ui": {
      "resolved": "packages/dsh-remote-ui",
      "link": true
    },
    "node_modules/ws": {
      "version": "8.21.3",
      "resolved": "https://registry.npmmirror.com/ws/-/ws-8.21.3.tgz",
      "integrity": "sha512-201TZ/kPWxoPr/OKWjquZR1SWKXcvxdH+e1xrx89b3YbmzLMFCLfnaG1HFIgWzJOEWZ7MvpK++odZufgYR50Rw==",
      "license": "MIT",
      "engines": {
        "node": ">=10.0.0"
      },
      "peerDependencies": {
        "bufferutil": "^4.0.1",
        "utf-8-validate": ">=5.0.2"
      },
      "peerDependenciesMeta": {
        "bufferutil": {
          "optional": true
        },
        "utf-8-validate": {
          "optional": true
        }
      }
    },
    "packages/dsh-remote-ui": {
      "version": "0.1.0",
      "license": "PolyForm-Noncommercial-1.0.0"
    },
    "packages/protocol": {
      "name": "@dsh-relay/protocol",
      "version": "0.0.1",
      "extraneous": true,
      "license": "PolyForm-Noncommercial-1.0.0"
    },
    "packages/relay-core": {
      "name": "@dsh-relay/core",
      "version": "0.1.0",
      "extraneous": true,
      "license": "PolyForm-Noncommercial-1.0.0",
      "dependencies": {
        "ws": "^8.18.0"
      }
    },
    "packages/relay-free": {
      "version": "0.1.0",
      "extraneous": true,
      "license": "PolyForm-Noncommercial-1.0.0",
      "dependencies": {
        "@dsh-relay/core": "*",
        "ws": "^8.18.0"
      }
    },
    "packages/relay-router": {
      "name": "@dsh-relay/router",
      "version": "0.1.0",
      "license": "UNLICENSED",
      "dependencies": {
        "ws": "^8.21.3"
      },
      "engines": {
        "node": ">=22.13.0"
      }
    }
  }
}
